
Microsoft Visual Studio Solution File, Format Version 12.00
# Visual Studio Version 17
VisualStudioVersion = 17.0.32112.339
MinimumVisualStudioVersion = 10.0.40219.1
Project("{9A19103F-16F7-4668-BE54-9A1E7A4F7556}") = "GeekBrains.TimeSheets.DB", "GeekBrains.TimeSheets.API.DB\GeekBrains.TimeSheets.DB.csproj", "{CB26E6E3-CE9B-49DA-A4B4-B073F54B79E4}"
EndProject
Project("{9A19103F-16F7-4668-BE54-9A1E7A4F7556}") = "GeekBrains.TimeSheets.API", "GeekBrains.TimeSheets.API\GeekBrains.TimeSheets.API.csproj", "{BCCC94F4-3EAF-4A18-B134-1E09244978C0}"
EndProject
Project("{9A19103F-16F7-4668-BE54-9A1E7A4F7556}") = "GeekBrains.TimeSheets.Domain", "GeekBrains.TimeSheets.Domain\GeekBrains.TimeSheets.Domain.csproj", "{26F4BB71-B8B7-45A1-839E-3594329181C5}"
EndProject
Project("{FAE04EC0-301F-11D3-BF4B-00C04F79EFBC}") = "GeekBrains.TimeSheets.Tests", "GeekBrains.TimeSheets.Tests\GeekBrains.TimeSheets.Tests.csproj", "{E8B2FC8F-E3A8-42D2-9AF3-66227EE78DBD}"
EndProject
Global
	GlobalSection(SolutionConfigurationPlatforms) = preSolution
		Debug|Any CPU = Debug|Any CPU
		Release|Any CPU = Release|Any CPU
	EndGlobalSection
	GlobalSection(ProjectConfigurationPlatforms) = postSolution
		{CB26E6E3-CE9B-49DA-A4B4-B073F54B79E4}.Debug|Any CPU.ActiveCfg = Debug|Any CPU
		{CB26E6E3-CE9B-49DA-A4B4-B073F54B79E4}.Debug|Any CPU.Build.0 = Debug|Any CPU
		{CB26E6E3-CE9B-49DA-A4B4-B073F54B79E4}.Release|Any CPU.ActiveCfg = Release|Any CPU
		{CB26E6E3-CE9B-49DA-A4B4-B073F54B79E4}.Release|Any CPU.Build.0 = Release|Any CPU
		{BCCC94F4-3EAF-4A18-B134-1E09244978C0}.Debug|Any CPU.ActiveCfg = Debug|Any CPU
		{BCCC94F4-3EAF-4A18-B134-1E09244978C0}.Debug|Any CPU.Build.0 = Debug|Any CPU
		{BCCC94F4-3EAF-4A18-B134-1E09244978C0}.Release|Any CPU.ActiveCfg = Release|Any CPU
		{BCCC94F4-3EAF-4A18-B134-1E09244978C0}.Release|Any CPU.Build.0 = Release|Any CPU
		{26F4BB71-B8B7-45A1-839E-3594329181C5}.Debug|Any CPU.ActiveCfg = Debug|Any CPU
		{26F4BB71-B8B7-45A1-839E-3594329181C5}.Debug|Any CPU.Build.0 = Debug|Any CPU
		{26F4BB71-B8B7-45A1-839E-3594329181C5}.Release|Any CPU.ActiveCfg = Release|Any CPU
		{26F4BB71-B8B7-45A1-839E-3594329181C5}.Release|Any CPU.Build.0 = Release|Any CPU
		{E8B2FC8F-E3A8-42D2-9AF3-66227EE78DBD}.Debug|Any CPU.ActiveCfg = Debug|Any CPU
		{E8B2FC8F-E3A8-42D2-9AF3-66227EE78DBD}.Debug|Any CPU.Build.0 = Debug|Any CPU
		{E8B2FC8F-E3A8-42D2-9AF3-66227EE78DBD}.Release|Any CPU.ActiveCfg = Release|Any CPU
		{E8B2FC8F-E3A8-42D2-9AF3-66227EE78DBD}.Release|Any CPU.Build.0 = Release|Any CPU
	EndGlobalSection
	GlobalSection(SolutionProperties) = preSolution
		HideSolutionNode = FALSE
	EndGlobalSection
	GlobalSection(ExtensibilityGlobals) = postSolution
		SolutionGuid = {F0E854D4-AB88-4D1D-BC30-C618EC42AD51}
	EndGlobalSection
EndGlobal
